
Microsoft Visual Studio Solution File, Format Version 12.00
# Visual Studio 15
VisualStudioVersion = 15.0.28307.421
MinimumVisualStudioVersion = 10.0.40219.1
Project("{FAE04EC0-301F-11D3-BF4B-00C04F79EFBC}") = "MyBanker", "MyBanker\MyBanker.csproj", "{449AC8B6-B64A-49AD-A4B8-344F4B8E2512}"
EndProject
Global
	GlobalSection(SolutionConfigurationPlatforms) = preSolution
		Debug|Any CPU = Debug|Any CPU
		Release|Any CPU = Release|Any CPU
	EndGlobalSection
	GlobalSection(ProjectConfigurationPlatforms) = postSolution
		{449AC8B6-B64A-49AD-A4B8-344F4B8E2512}.Debug|Any CPU.ActiveCfg = Debug|Any CPU
		{449AC8B6-B64A-49AD-A4B8-344F4B8E2512}.Debug|Any CPU.Build.0 = Debug|Any CPU
		{449AC8B6-B64A-49AD-A4B8-344F4B8E2512}.Release|Any CPU.ActiveCfg = Release|Any CPU
		{449AC8B6-B64A-49AD-A4B8-344F4B8E2512}.Release|Any CPU.Build.0 = Release|Any CPU
	EndGlobalSection
	GlobalSection(SolutionProperties) = preSolution
		HideSolutionNode = FALSE
	EndGlobalSection
	GlobalSection(ExtensibilityGlobals) = postSolution
		SolutionGuid = {81A0B2BC-29D1-44AE-8CCB-ABE94D03B319}
	EndGlobalSection
EndGlobal
